// !$*UTF8*$!
{
	archiveVersion = 1;
	classes = {
	};
	objectVersion = 56;
	objects = {

/* Begin PBXBuildFile section */
		D196FD432A7F05600029A99F /* Lego_Star_Wars_Character_ClassifierApp.swift in Sources */ = {isa = PBXBuildFile; fileRef = D196FD422A7F05600029A99F /* Lego_Star_Wars_Character_ClassifierApp.swift */; };
		D196FD452A7F05600029A99F /* ContentView.swift in Sources */ = {isa = PBXBuildFile; fileRef = D196FD442A7F05600029A99F /* ContentView.swift */; };
		D196FD472A7F05610029A99F /* Assets.xcassets in Resources */ = {isa = PBXBuildFile; fileRef = D196FD462A7F05610029A99F /* Assets.xcassets */; };
		D196FD4A2A7F05610029A99F /* Preview Assets.xcassets in Resources */ = {isa = PBXBuildFile; fileRef = D196FD492A7F05610029A99F /* Preview Assets.xcassets */; };
		D196FD532A7F19A80029A99F /* ImagePickerView.swift in Sources */ = {isa = PBXBuildFile; fileRef = D196FD522A7F19A80029A99F /* ImagePickerView.swift */; };
		D196FD592A7F20370029A99F /* ImagePredictor.swift in Sources */ = {isa = PBXBuildFile; fileRef = D196FD582A7F20370029A99F /* ImagePredictor.swift */; };
		D196FD5B2A7F2C980029A99F /* Lego Star Wars Character Classifier v2.mlmodel in Sources */ = {isa = PBXBuildFile; fileRef = D196FD5A2A7F2C980029A99F /* Lego Star Wars Character Classifier v2.mlmodel */; };
		D196FD5D2A7F30D50029A99F /* PhotoPicker.swift in Sources */ = {isa = PBXBuildFile; fileRef = D196FD5C2A7F30D50029A99F /* PhotoPicker.swift */; };
/* End PBXBuildFile section */

/* Begin PBXFileReference section */
		D196FD3F2A7F05600029A99F /* Lego Star Wars Character Classifier.app */ = {isa = PBXFileReference; explicitFileType = wrapper.application; includeInIndex = 0; path = "Lego Star Wars Character Classifier.app"; sourceTree = BUILT_PRODUCTS_DIR; };
		D196FD422A7F05600029A99F /* Lego_Star_Wars_Character_ClassifierApp.swift */ = {isa = PBXFileReference; lastKnownFileType = sourcecode.swift; path = Lego_Star_Wars_Character_ClassifierApp.swift; sourceTree = "<group>"; };
		D196FD442A7F05600029A99F /* ContentView.swift */ = {isa = PBXFileReference; lastKnownFileType = sourcecode.swift; path = ContentView.swift; sourceTree = "<group>"; };
		D196FD462A7F05610029A99F /* Assets.xcassets */ = {isa = PBXFileReference; lastKnownFileType = folder.assetcatalog; path = Assets.xcassets; sourceTree = "<group>"; };
		D196FD492A7F05610029A99F /* Preview Assets.xcassets */ = {isa = PBXFileReference; lastKnownFileType = folder.assetcatalog; path = "Preview Assets.xcassets"; sourceTree = "<group>"; };
		D196FD522A7F19A80029A99F /* ImagePickerView.swift */ = {isa = PBXFileReference; lastKnownFileType = sourcecode.swift; path = ImagePickerView.swift; sourceTree = "<group>"; };
		D196FD582A7F20370029A99F /* ImagePredictor.swift */ = {isa = PBXFileReference; lastKnownFileType = sourcecode.swift; path = ImagePredictor.swift; sourceTree = "<group>"; };
		D196FD5A2A7F2C980029A99F /* Lego Star Wars Character Classifier v2.mlmodel */ = {isa = PBXFileReference; lastKnownFileType = file.mlmodel; path = "Lego Star Wars Character Classifier v2.mlmodel"; sourceTree = "<group>"; };
		D196FD5C2A7F30D50029A99F /* PhotoPicker.swift */ = {isa = PBXFileReference; lastKnownFileType = sourcecode.swift; path = PhotoPicker.swift; sourceTree = "<group>"; };
/* End PBXFileReference section */

/* Begin PBXFrameworksBuildPhase section */
		D196FD3C2A7F05600029A99F /* Frameworks */ = {
			isa = PBXFrameworksBuildPhase;
			buildActionMask = 2147483647;
			files = (
			);
			runOnlyForDeploymentPostprocessing = 0;
		};
/* End PBXFrameworksBuildPhase section */

/* Begin PBXGroup section */
		D196FD362A7F05600029A99F = {
			isa = PBXGroup;
			children = (
				D196FD412A7F05600029A99F /* Lego Star Wars Character Classifier */,
				D196FD402A7F05600029A99F /* Products */,
			);
			sourceTree = "<group>";
		};
		D196FD402A7F05600029A99F /* Products */ = {
			isa = PBXGroup;
			children = (
				D196FD3F2A7F05600029A99F /* Lego Star Wars Character Classifier.app */,
			);
			name = Products;
			sourceTree = "<group>";
		};
		D196FD412A7F05600029A99F /* Lego Star Wars Character Classifier */ = {
			isa = PBXGroup;
			children = (
				D196FD422A7F05600029A99F /* Lego_Star_Wars_Character_ClassifierApp.swift */,
				D196FD442A7F05600029A99F /* ContentView.swift */,
				D196FD582A7F20370029A99F /* ImagePredictor.swift */,
				D196FD522A7F19A80029A99F /* ImagePickerView.swift */,
				D196FD5C2A7F30D50029A99F /* PhotoPicker.swift */,
				D196FD462A7F05610029A99F /* Assets.xcassets */,
				D196FD5A2A7F2C980029A99F /* Lego Star Wars Character Classifier v2.mlmodel */,
				D196FD482A7F05610029A99F /* Preview Content */,
			);
			path = "Lego Star Wars Character Classifier";
			sourceTree = "<group>";
		};
		D196FD482A7F05610029A99F /* Preview Content */ = {
			isa = PBXGroup;
			children = (
				D196FD492A7F05610029A99F /* Preview Assets.xcassets */,
			);
			path = "Preview Content";
			sourceTree = "<group>";
		};
/* End PBXGroup section */

/* Begin PBXNativeTarget section */
		D196FD3E2A7F05600029A99F /* Lego Star Wars Character Classifier */ = {
			isa = PBXNativeTarget;
			buildConfigurationList = D196FD4D2A7F05610029A99F /* Build configuration list for PBXNativeTarget "Lego Star Wars Character Classifier" */;
			buildPhases = (
				D196FD3B2A7F05600029A99F /* Sources */,
				D196FD3C2A7F05600029A99F /* Frameworks */,
				D196FD3D2A7F05600029A99F /* Resources */,
			);
			buildRules = (
			);
			dependencies = (
			);
			name = "Lego Star Wars Character Classifier";
			productName = "Lego Star Wars Character Classifier";
			productReference = D196FD3F2A7F05600029A99F /* Lego Star Wars Character Classifier.app */;
			productType = "com.apple.product-type.application";
		};
/* End PBXNativeTarget section */

/* Begin PBXProject section */
		D196FD372A7F05600029A99F /* Project object */ = {
			isa = PBXProject;
			attributes = {
				BuildIndependentTargetsInParallel = 1;
				LastSwiftUpdateCheck = 1500;
				LastUpgradeCheck = 1500;
				TargetAttributes = {
					D196FD3E2A7F05600029A99F = {
						CreatedOnToolsVersion = 15.0;
					};
				};
			};
			buildConfigurationList = D196FD3A2A7F05600029A99F /* Build configuration list for PBXProject "Lego Star Wars Character Classifier" */;
			compatibilityVersion = "Xcode 14.0";
			developmentRegion = en;
			hasScannedForEncodings = 0;
			knownRegions = (
				en,
				Base,
			);
			mainGroup = D196FD362A7F05600029A99F;
			productRefGroup = D196FD402A7F05600029A99F /* Products */;
			projectDirPath = "";
			projectRoot = "";
			targets = (
				D196FD3E2A7F05600029A99F /* Lego Star Wars Character Classifier */,
			);
		};
/* End PBXProject section */

/* Begin PBXResourcesBuildPhase section */
		D196FD3D2A7F05600029A99F /* Resources */ = {
			isa = PBXResourcesBuildPhase;
			buildActionMask = 2147483647;
			files = (
				D196FD4A2A7F05610029A99F /* Preview Assets.xcassets in Resources */,
				D196FD472A7F05610029A99F /* Assets.xcassets in Resources */,
			);
			runOnlyForDeploymentPostprocessing = 0;
		};
/* End PBXResourcesBuildPhase section */

/* Begin PBXSourcesBuildPhase section */
		D196FD3B2A7F05600029A99F /* Sources */ = {
			isa = PBXSourcesBuildPhase;
			buildActionMask = 2147483647;
			files = (
				D196FD452A7F05600029A99F /* ContentView.swift in Sources */,
				D196FD532A7F19A80029A99F /* ImagePickerView.swift in Sources */,
				D196FD5D2A7F30D50029A99F /* PhotoPicker.swift in Sources */,
				D196FD5B2A7F2C980029A99F /* Lego Star Wars Character Classifier v2.mlmodel in Sources */,
				D196FD592A7F20370029A99F /* ImagePredictor.swift in Sources */,
				D196FD432A7F05600029A99F /* Lego_Star_Wars_Character_ClassifierApp.swift in Sources */,
			);
			runOnlyForDeploymentPostprocessing = 0;
		};
/* End PBXSourcesBuildPhase section */

/* Begin XCBuildConfiguration section */
		D196FD4B2A7F05610029A99F /* Debug */ = {
			isa = XCBuildConfiguration;
			buildSettings = {
				ALWAYS_SEARCH_USER_PATHS = NO;
				ASSETCATALOG_COMPILER_GENERATE_SWIFT_ASSET_SYMBOL_EXTENSIONS = YES;
				CLANG_ANALYZER_NONNULL = YES;
				CLANG_ANALYZER_NUMBER_OBJECT_CONVERSION = YES_AGGRESSIVE;
				CLANG_CXX_LANGUAGE_STANDARD = "gnu++20";
				CLANG_ENABLE_MODULES = YES;
				CLANG_ENABLE_OBJC_ARC = YES;
				CLANG_ENABLE_OBJC_WEAK = YES;
				CLANG_WARN_BLOCK_CAPTURE_AUTORELEASING = YES;
				CLANG_WARN_BOOL_CONVERSION = YES;
				CLANG_WARN_COMMA = YES;
				CLANG_WARN_CONSTANT_CONVERSION = YES;
				CLANG_WARN_DEPRECATED_OBJC_IMPLEMENTATIONS = YES;
				CLANG_WARN_DIRECT_OBJC_ISA_USAGE = YES_ERROR;
				CLANG_WARN_DOCUMENTATION_COMMENTS = YES;
				CLANG_WARN_EMPTY_BODY = YES;
				CLANG_WARN_ENUM_CONVERSION = YES;
				CLANG_WARN_INFINITE_RECURSION = YES;
				CLANG_WARN_INT_CONVERSION = YES;
				CLANG_WARN_NON_LITERAL_NULL_CONVERSION = YES;
				CLANG_WARN_OBJC_IMPLICIT_RETAIN_SELF = YES;
				CLANG_WARN_OBJC_LITERAL_CONVERSION = YES;
				CLANG_WARN_OBJC_ROOT_CLASS = YES_ERROR;
				CLANG_WARN_QUOTED_INCLUDE_IN_FRAMEWORK_HEADER = YES;
				CLANG_WARN_RANGE_LOOP_ANALYSIS = YES;
				CLANG_WARN_STRICT_PROTOTYPES = YES;
				CLANG_WARN_SUSPICIOUS_MOVE = YES;
				CLANG_WARN_UNGUARDED_AVAILABILITY = YES_AGGRESSIVE;
				CLANG_WARN_UNREACHABLE_CODE = YES;
				CLANG_WARN__DUPLICATE_METHOD_MATCH = YES;
				COPY_PHASE_STRIP = NO;
				DEBUG_INFORMATION_FORMAT = dwarf;
				ENABLE_STRICT_OBJC_MSGSEND = YES;
				ENABLE_TESTABILITY = YES;
				ENABLE_USER_SCRIPT_SANDBOXING = YES;
				GCC_C_LANGUAGE_STANDARD = gnu17;
				GCC_DYNAMIC_NO_PIC = NO;
				GCC_NO_COMMON_BLOCKS = YES;
				GCC_OPTIMIZATION_LEVEL = 0;
				GCC_PREPROCESSOR_DEFINITIONS = (
					"DEBUG=1",
					"$(inherited)",
				);
				GCC_WARN_64_TO_32_BIT_CONVERSION = YES;
				GCC_WARN_ABOUT_RETURN_TYPE = YES_ERROR;
				GCC_WARN_UNDECLARED_SELECTOR = YES;
				GCC_WARN_UNINITIALIZED_AUTOS = YES_AGGRESSIVE;
				GCC_WARN_UNUSED_FUNCTION = YES;
				GCC_WARN_UNUSED_VARIABLE = YES;
				IPHONEOS_DEPLOYMENT_TARGET = 15.6;
				LOCALIZATION_PREFERS_STRING_CATALOGS = YES;
				MTL_ENABLE_DEBUG_INFO = INCLUDE_SOURCE;
				MTL_FAST_MATH = YES;
				ONLY_ACTIVE_ARCH = YES;
				SDKROOT = iphoneos;
				SWIFT_ACTIVE_COMPILATION_CONDITIONS = "DEBUG $(inherited)";
				SWIFT_OPTIMIZATION_LEVEL = "-Onone";
			};
			name = Debug;
		};
		D196FD4C2A7F05610029A99F /* Release */ = {
			isa = XCBuildConfiguration;
			buildSettings = {
				ALWAYS_SEARCH_USER_PATHS = NO;
				ASSETCATALOG_COMPILER_GENERATE_SWIFT_ASSET_SYMBOL_EXTENSIONS = YES;
				CLANG_ANALYZER_NONNULL = YES;
				CLANG_ANALYZER_NUMBER_OBJECT_CONVERSION = YES_AGGRESSIVE;
				CLANG_CXX_LANGUAGE_STANDARD = "gnu++20";
				CLANG_ENABLE_MODULES = YES;
				CLANG_ENABLE_OBJC_ARC = YES;
				CLANG_ENABLE_OBJC_WEAK = YES;
				CLANG_WARN_BLOCK_CAPTURE_AUTORELEASING = YES;
				CLANG_WARN_BOOL_CONVERSION = YES;
				CLANG_WARN_COMMA = YES;
				CLANG_WARN_CONSTANT_CONVERSION = YES;
				CLANG_WARN_DEPRECATED_OBJC_IMPLEMENTATIONS = YES;
				CLANG_WARN_DIRECT_OBJC_ISA_USAGE = YES_ERROR;
				CLANG_WARN_DOCUMENTATION_COMMENTS = YES;
				CLANG_WARN_EMPTY_BODY = YES;
				CLANG_WARN_ENUM_CONVERSION = YES;
				CLANG_WARN_INFINITE_RECURSION = YES;
				CLANG_WARN_INT_CONVERSION = YES;
				CLANG_WARN_NON_LITERAL_NULL_CONVERSION = YES;
				CLANG_WARN_OBJC_IMPLICIT_RETAIN_SELF = YES;
				CLANG_WARN_OBJC_LITERAL_CONVERSION = YES;
				CLANG_WARN_OBJC_ROOT_CLASS = YES_ERROR;
				CLANG_WARN_QUOTED_INCLUDE_IN_FRAMEWORK_HEADER = YES;
				CLANG_WARN_RANGE_LOOP_ANALYSIS = YES;
				CLANG_WARN_STRICT_PROTOTYPES = YES;
				CLANG_WARN_SUSPICIOUS_MOVE = YES;
				CLANG_WARN_UNGUARDED_AVAILABILITY = YES_AGGRESSIVE;
				CLANG_WARN_UNREACHABLE_CODE = YES;
				CLANG_WARN__DUPLICATE_METHOD_MATCH = YES;
				COPY_PHASE_STRIP = NO;
				DEBUG_INFORMATION_FORMAT = "dwarf-with-dsym";
				ENABLE_NS_ASSERTIONS = NO;
				ENABLE_STRICT_OBJC_MSGSEND = YES;
				ENABLE_USER_SCRIPT_SANDBOXING = YES;
				GCC_C_LANGUAGE_STANDARD = gnu17;
				GCC_NO_COMMON_BLOCKS = YES;
				GCC_WARN_64_TO_32_BIT_CONVERSION = YES;
				GCC_WARN_ABOUT_RETURN_TYPE = YES_ERROR;
				GCC_WARN_UNDECLARED_SELECTOR = YES;
				GCC_WARN_UNINITIALIZED_AUTOS = YES_AGGRESSIVE;
				GCC_WARN_UNUSED_FUNCTION = YES;
				GCC_WARN_UNUSED_VARIABLE = YES;
				IPHONEOS_DEPLOYMENT_TARGET = 15.6;
				LOCALIZATION_PREFERS_STRING_CATALOGS = YES;
				MTL_ENABLE_DEBUG_INFO = NO;
				MTL_FAST_MATH = YES;
				SDKROOT = iphoneos;
				SWIFT_COMPILATION_MODE = wholemodule;
				VALIDATE_PRODUCT = YES;
			};
			name = Release;
		};
		D196FD4E2A7F05610029A99F /* Debug */ = {
			isa = XCBuildConfiguration;
			buildSettings = {
				ASSETCATALOG_COMPILER_APPICON_NAME = AppIcon;
				ASSETCATALOG_COMPILER_GLOBAL_ACCENT_COLOR_NAME = AccentColor;
				CODE_SIGN_STYLE = Automatic;
				CURRENT_PROJECT_VERSION = 1;
				DEVELOPMENT_ASSET_PATHS = "\"Lego Star Wars Character Classifier/Preview Content\"";
				DEVELOPMENT_TEAM = "";
				ENABLE_PREVIEWS = YES;
				GENERATE_INFOPLIST_FILE = YES;
				INFOPLIST_KEY_NSCameraUsageDescription = "To detect your favorite Yoda Chronicles characters";
				INFOPLIST_KEY_UIApplicationSceneManifest_Generation = YES;
				INFOPLIST_KEY_UIApplicationSupportsIndirectInputEvents = YES;
				INFOPLIST_KEY_UILaunchScreen_Generation = YES;
				INFOPLIST_KEY_UISupportedInterfaceOrientations_iPad = "UIInterfaceOrientationPortrait UIInterfaceOrientationPortraitUpsideDown UIInterfaceOrientationLandscapeLeft UIInterfaceOrientationLandscapeRight";
				INFOPLIST_KEY_UISupportedInterfaceOrientations_iPhone = "UIInterfaceOrientationPortrait UIInterfaceOrientationLandscapeLeft UIInterfaceOrientationLandscapeRight";
				LD_RUNPATH_SEARCH_PATHS = (
					"$(inherited)",
					"@executable_path/Frameworks",
				);
				MARKETING_VERSION = 1.0;
				PRODUCT_BUNDLE_IDENTIFIER = "com.derpoliuk.Lego-Star-Wars-Character-Classifier";
				PRODUCT_NAME = "$(TARGET_NAME)";
				SWIFT_EMIT_LOC_STRINGS = YES;
				SWIFT_VERSION = 5.0;
				TARGETED_DEVICE_FAMILY = "1,2";
			};
			name = Debug;
		};
		D196FD4F2A7F05610029A99F /* Release */ = {
			isa = XCBuildConfiguration;
			buildSettings = {
				ASSETCATALOG_COMPILER_APPICON_NAME = AppIcon;
				ASSETCATALOG_COMPILER_GLOBAL_ACCENT_COLOR_NAME = AccentColor;
				CODE_SIGN_STYLE = Automatic;
				CURRENT_PROJECT_VERSION = 1;
				DEVELOPMENT_ASSET_PATHS = "\"Lego Star Wars Character Classifier/Preview Content\"";
				DEVELOPMENT_TEAM = "";
				ENABLE_PREVIEWS = YES;
				GENERATE_INFOPLIST_FILE = YES;
				INFOPLIST_KEY_NSCameraUsageDescription = "To detect your favorite Yoda Chronicles characters";
				INFOPLIST_KEY_UIApplicationSceneManifest_Generation = YES;
				INFOPLIST_KEY_UIApplicationSupportsIndirectInputEvents = YES;
				INFOPLIST_KEY_UILaunchScreen_Generation = YES;
				INFOPLIST_KEY_UISupportedInterfaceOrientations_iPad = "UIInterfaceOrientationPortrait UIInterfaceOrientationPortraitUpsideDown UIInterfaceOrientationLandscapeLeft UIInterfaceOrientationLandscapeRight";
				INFOPLIST_KEY_UISupportedInterfaceOrientations_iPhone = "UIInterfaceOrientationPortrait UIInterfaceOrientationLandscapeLeft UIInterfaceOrientationLandscapeRight";
				LD_RUNPATH_SEARCH_PATHS = (
					"$(inherited)",
					"@executable_path/Frameworks",
				);
				MARKETING_VERSION = 1.0;
				PRODUCT_BUNDLE_IDENTIFIER = "com.derpoliuk.Lego-Star-Wars-Character-Classifier";
				PRODUCT_NAME = "$(TARGET_NAME)";
				SWIFT_EMIT_LOC_STRINGS = YES;
				SWIFT_VERSION = 5.0;
				TARGETED_DEVICE_FAMILY = "1,2";
			};
			name = Release;
		};
/* End XCBuildConfiguration section */

/* Begin XCConfigurationList section */
		D196FD3A2A7F05600029A99F /* Build configuration list for PBXProject "Lego Star Wars Character Classifier" */ = {
			isa = XCConfigurationList;
			buildConfigurations = (
				D196FD4B2A7F05610029A99F /* Debug */,
				D196FD4C2A7F05610029A99F /* Release */,
			);
			defaultConfigurationIsVisible = 0;
			defaultConfigurationName = Release;
		};
		D196FD4D2A7F05610029A99F /* Build configuration list for PBXNativeTarget "Lego Star Wars Character Classifier" */ = {
			isa = XCConfigurationList;
			buildConfigurations = (
				D196FD4E2A7F05610029A99F /* Debug */,
				D196FD4F2A7F05610029A99F /* Release */,
			);
			defaultConfigurationIsVisible = 0;
			defaultConfigurationName = Release;
		};
/* End XCConfigurationList section */
	};
	rootObject = D196FD372A7F05600029A99F /* Project object */;
}
